// !$*UTF8*$!
{
	archiveVersion = 1;
	classes = {
	};
	objectVersion = 46;
	objects = {

/* Begin PBXBuildFile section */
		811CFF3C1F35EDF70073CBB8 /* main.m in Sources */ = {isa = PBXBuildFile; fileRef = 811CFF3B1F35EDF70073CBB8 /* main.m */; };
		811CFF3F1F35EDF70073CBB8 /* AppDelegate.m in Sources */ = {isa = PBXBuildFile; fileRef = 811CFF3E1F35EDF70073CBB8 /* AppDelegate.m */; };
		811CFF421F35EDF70073CBB8 /* ViewController.m in Sources */ = {isa = PBXBuildFile; fileRef = 811CFF411F35EDF70073CBB8 /* ViewController.m */; };
		811CFF451F35EDF70073CBB8 /* Main.storyboard in Resources */ = {isa = PBXBuildFile; fileRef = 811CFF431F35EDF70073CBB8 /* Main.storyboard */; };
		811CFF481F35EDF70073CBB8 /* TableViewAula.xcdatamodeld in Sources */ = {isa = PBXBuildFile; fileRef = 811CFF461F35EDF70073CBB8 /* TableViewAula.xcdatamodeld */; };
		811CFF4A1F35EDF70073CBB8 /* Assets.xcassets in Resources */ = {isa = PBXBuildFile; fileRef = 811CFF491F35EDF70073CBB8 /* Assets.xcassets */; };
		811CFF4D1F35EDF70073CBB8 /* LaunchScreen.storyboard in Resources */ = {isa = PBXBuildFile; fileRef = 811CFF4B1F35EDF70073CBB8 /* LaunchScreen.storyboard */; };
/* End PBXBuildFile section */

/* Begin PBXFileReference section */
		811CFF371F35EDF70073CBB8 /* TableViewAula.app */ = {isa = PBXFileReference; explicitFileType = wrapper.application; includeInIndex = 0; path = TableViewAula.app; sourceTree = BUILT_PRODUCTS_DIR; };
		811CFF3B1F35EDF70073CBB8 /* main.m */ = {isa = PBXFileReference; lastKnownFileType = sourcecode.c.objc; path = main.m; sourceTree = "<group>"; };
		811CFF3D1F35EDF70073CBB8 /* AppDelegate.h */ = {isa = PBXFileReference; lastKnownFileType = sourcecode.c.h; path = AppDelegate.h; sourceTree = "<group>"; };
		811CFF3E1F35EDF70073CBB8 /* AppDelegate.m */ = {isa = PBXFileReference; lastKnownFileType = sourcecode.c.objc; path = AppDelegate.m; sourceTree = "<group>"; };
		811CFF401F35EDF70073CBB8 /* ViewController.h */ = {isa = PBXFileReference; lastKnownFileType = sourcecode.c.h; path = ViewController.h; sourceTree = "<group>"; };
		811CFF411F35EDF70073CBB8 /* ViewController.m */ = {isa = PBXFileReference; lastKnownFileType = sourcecode.c.objc; path = ViewController.m; sourceTree = "<group>"; };
		811CFF441F35EDF70073CBB8 /* Base */ = {isa = PBXFileReference; lastKnownFileType = file.storyboard; name = Base; path = Base.lproj/Main.storyboard; sourceTree = "<group>"; };
		811CFF471F35EDF70073CBB8 /* TableViewAula.xcdatamodel */ = {isa = PBXFileReference; lastKnownFileType = wrapper.xcdatamodel; path = TableViewAula.xcdatamodel; sourceTree = "<group>"; };
		811CFF491F35EDF70073CBB8 /* Assets.xcassets */ = {isa = PBXFileReference; lastKnownFileType = folder.assetcatalog; path = Assets.xcassets; sourceTree = "<group>"; };
		811CFF4C1F35EDF70073CBB8 /* Base */ = {isa = PBXFileReference; lastKnownFileType = file.storyboard; name = Base; path = Base.lproj/LaunchScreen.storyboard; sourceTree = "<group>"; };
		811CFF4E1F35EDF70073CBB8 /* Info.plist */ = {isa = PBXFileReference; lastKnownFileType = text.plist.xml; path = Info.plist; sourceTree = "<group>"; };
/* End PBXFileReference section */

/* Begin PBXFrameworksBuildPhase section */
		811CFF341F35EDF70073CBB8 /* Frameworks */ = {
			isa = PBXFrameworksBuildPhase;
			buildActionMask = 2147483647;
			files = (
			);
			runOnlyForDeploymentPostprocessing = 0;
		};
/* End PBXFrameworksBuildPhase section */

/* Begin PBXGroup section */
		811CFF2E1F35EDF70073CBB8 = {
			isa = PBXGroup;
			children = (
				811CFF391F35EDF70073CBB8 /* TableViewAula */,
				811CFF381F35EDF70073CBB8 /* Products */,
			);
			sourceTree = "<group>";
		};
		811CFF381F35EDF70073CBB8 /* Products */ = {
			isa = PBXGroup;
			children = (
				811CFF371F35EDF70073CBB8 /* TableViewAula.app */,
			);
			name = Products;
			sourceTree = "<group>";
		};
		811CFF391F35EDF70073CBB8 /* TableViewAula */ = {
			isa = PBXGroup;
			children = (
				811CFF3D1F35EDF70073CBB8 /* AppDelegate.h */,
				811CFF3E1F35EDF70073CBB8 /* AppDelegate.m */,
				811CFF401F35EDF70073CBB8 /* ViewController.h */,
				811CFF411F35EDF70073CBB8 /* ViewController.m */,
				811CFF431F35EDF70073CBB8 /* Main.storyboard */,
				811CFF491F35EDF70073CBB8 /* Assets.xcassets */,
				811CFF4B1F35EDF70073CBB8 /* LaunchScreen.storyboard */,
				811CFF4E1F35EDF70073CBB8 /* Info.plist */,
				811CFF461F35EDF70073CBB8 /* TableViewAula.xcdatamodeld */,
				811CFF3A1F35EDF70073CBB8 /* Supporting Files */,
			);
			path = TableViewAula;
			sourceTree = "<group>";
		};
		811CFF3A1F35EDF70073CBB8 /* Supporting Files */ = {
			isa = PBXGroup;
			children = (
				811CFF3B1F35EDF70073CBB8 /* main.m */,
			);
			name = "Supporting Files";
			sourceTree = "<group>";
		};
/* End PBXGroup section */

/* Begin PBXNativeTarget section */
		811CFF361F35EDF70073CBB8 /* TableViewAula */ = {
			isa = PBXNativeTarget;
			buildConfigurationList = 811CFF511F35EDF70073CBB8 /* Build configuration list for PBXNativeTarget "TableViewAula" */;
			buildPhases = (
				811CFF331F35EDF70073CBB8 /* Sources */,
				811CFF341F35EDF70073CBB8 /* Frameworks */,
				811CFF351F35EDF70073CBB8 /* Resources */,
			);
			buildRules = (
			);
			dependencies = (
			);
			name = TableViewAula;
			productName = TableViewAula;
			productReference = 811CFF371F35EDF70073CBB8 /* TableViewAula.app */;
			productType = "com.apple.product-type.application";
		};
/* End PBXNativeTarget section */

/* Begin PBXProject section */
		811CFF2F1F35EDF70073CBB8 /* Project object */ = {
			isa = PBXProject;
			attributes = {
				LastUpgradeCheck = 0830;
				ORGANIZATIONNAME = Treinamento;
				TargetAttributes = {
					811CFF361F35EDF70073CBB8 = {
						CreatedOnToolsVersion = 8.3.3;
						ProvisioningStyle = Automatic;
					};
				};
			};
			buildConfigurationList = 811CFF321F35EDF70073CBB8 /* Build configuration list for PBXProject "TableViewAula" */;
			compatibilityVersion = "Xcode 3.2";
			developmentRegion = English;
			hasScannedForEncodings = 0;
			knownRegions = (
				en,
				Base,
			);
			mainGroup = 811CFF2E1F35EDF70073CBB8;
			productRefGroup = 811CFF381F35EDF70073CBB8 /* Products */;
			projectDirPath = "";
			projectRoot = "";
			targets = (
				811CFF361F35EDF70073CBB8 /* TableViewAula */,
			);
		};
/* End PBXProject section */

/* Begin PBXResourcesBuildPhase section */
		811CFF351F35EDF70073CBB8 /* Resources */ = {
			isa = PBXResourcesBuildPhase;
			buildActionMask = 2147483647;
			files = (
				811CFF4D1F35EDF70073CBB8 /* LaunchScreen.storyboard in Resources */,
				811CFF4A1F35EDF70073CBB8 /* Assets.xcassets in Resources */,
				811CFF451F35EDF70073CBB8 /* Main.storyboard in Resources */,
			);
			runOnlyForDeploymentPostprocessing = 0;
		};
/* End PBXResourcesBuildPhase section */

/* Begin PBXSourcesBuildPhase section */
		811CFF331F35EDF70073CBB8 /* Sources */ = {
			isa = PBXSourcesBuildPhase;
			buildActionMask = 2147483647;
			files = (
				811CFF481F35EDF70073CBB8 /* TableViewAula.xcdatamodeld in Sources */,
				811CFF421F35EDF70073CBB8 /* ViewController.m in Sources */,
				811CFF3F1F35EDF70073CBB8 /* AppDelegate.m in Sources */,
				811CFF3C1F35EDF70073CBB8 /* main.m in Sources */,
			);
			runOnlyForDeploymentPostprocessing = 0;
		};
/* End PBXSourcesBuildPhase section */

/* Begin PBXVariantGroup section */
		811CFF431F35EDF70073CBB8 /* Main.storyboard */ = {
			isa = PBXVariantGroup;
			children = (
				811CFF441F35EDF70073CBB8 /* Base */,
			);
			name = Main.storyboard;
			sourceTree = "<group>";
		};
		811CFF4B1F35EDF70073CBB8 /* LaunchScreen.storyboard */ = {
			isa = PBXVariantGroup;
			children = (
				811CFF4C1F35EDF70073CBB8 /* Base */,
			);
			name = LaunchScreen.storyboard;
			sourceTree = "<group>";
		};
/* End PBXVariantGroup section */

/* Begin XCBuildConfiguration section */
		811CFF4F1F35EDF70073CBB8 /* Debug */ = {
			isa = XCBuildConfiguration;
			buildSettings = {
				ALWAYS_SEARCH_USER_PATHS = NO;
				CLANG_ANALYZER_NONNULL = YES;
				CLANG_ANALYZER_NUMBER_OBJECT_CONVERSION = YES_AGGRESSIVE;
				CLANG_CXX_LANGUAGE_STANDARD = "gnu++0x";
				CLANG_CXX_LIBRARY = "libc++";
				CLANG_ENABLE_MODULES = YES;
				CLANG_ENABLE_OBJC_ARC = YES;
				CLANG_WARN_BOOL_CONVERSION = YES;
				CLANG_WARN_CONSTANT_CONVERSION = YES;
				CLANG_WARN_DIRECT_OBJC_ISA_USAGE = YES_ERROR;
				CLANG_WARN_DOCUMENTATION_COMMENTS = YES;
				CLANG_WARN_EMPTY_BODY = YES;
				CLANG_WARN_ENUM_CONVERSION = YES;
				CLANG_WARN_INFINITE_RECURSION = YES;
				CLANG_WARN_INT_CONVERSION = YES;
				CLANG_WARN_OBJC_ROOT_CLASS = YES_ERROR;
				CLANG_WARN_SUSPICIOUS_MOVE = YES;
				CLANG_WARN_UNREACHABLE_CODE = YES;
				CLANG_WARN__DUPLICATE_METHOD_MATCH = YES;
				"CODE_SIGN_IDENTITY[sdk=iphoneos*]" = "iPhone Developer";
				COPY_PHASE_STRIP = NO;
				DEBUG_INFORMATION_FORMAT = dwarf;
				ENABLE_STRICT_OBJC_MSGSEND = YES;
				ENABLE_TESTABILITY = YES;
				GCC_C_LANGUAGE_STANDARD = gnu99;
				GCC_DYNAMIC_NO_PIC = NO;
				GCC_NO_COMMON_BLOCKS = YES;
				GCC_OPTIMIZATION_LEVEL = 0;
				GCC_PREPROCESSOR_DEFINITIONS = (
					"DEBUG=1",
					"$(inherited)",
				);
				GCC_WARN_64_TO_32_BIT_CONVERSION = YES;
				GCC_WARN_ABOUT_RETURN_TYPE = YES_ERROR;
				GCC_WARN_UNDECLARED_SELECTOR = YES;
				GCC_WARN_UNINITIALIZED_AUTOS = YES_AGGRESSIVE;
				GCC_WARN_UNUSED_FUNCTION = YES;
				GCC_WARN_UNUSED_VARIABLE = YES;
				IPHONEOS_DEPLOYMENT_TARGET = 10.3;
				MTL_ENABLE_DEBUG_INFO = YES;
				ONLY_ACTIVE_ARCH = YES;
				SDKROOT = iphoneos;
				TARGETED_DEVICE_FAMILY = "1,2";
			};
			name = Debug;
		};
		811CFF501F35EDF70073CBB8 /* Release */ = {
			isa = XCBuildConfiguration;
			buildSettings = {
				ALWAYS_SEARCH_USER_PATHS = NO;
				CLANG_ANALYZER_NONNULL = YES;
				CLANG_ANALYZER_NUMBER_OBJECT_CONVERSION = YES_AGGRESSIVE;
				CLANG_CXX_LANGUAGE_STANDARD = "gnu++0x";
				CLANG_CXX_LIBRARY = "libc++";
				CLANG_ENABLE_MODULES = YES;
				CLANG_ENABLE_OBJC_ARC = YES;
				CLANG_WARN_BOOL_CONVERSION = YES;
				CLANG_WARN_CONSTANT_CONVERSION = YES;
				CLANG_WARN_DIRECT_OBJC_ISA_USAGE = YES_ERROR;
				CLANG_WARN_DOCUMENTATION_COMMENTS = YES;
				CLANG_WARN_EMPTY_BODY = YES;
				CLANG_WARN_ENUM_CONVERSION = YES;
				CLANG_WARN_INFINITE_RECURSION = YES;
				CLANG_WARN_INT_CONVERSION = YES;
				CLANG_WARN_OBJC_ROOT_CLASS = YES_ERROR;
				CLANG_WARN_SUSPICIOUS_MOVE = YES;
				CLANG_WARN_UNREACHABLE_CODE = YES;
				CLANG_WARN__DUPLICATE_METHOD_MATCH = YES;
				"CODE_SIGN_IDENTITY[sdk=iphoneos*]" = "iPhone Developer";
				COPY_PHASE_STRIP = NO;
				DEBUG_INFORMATION_FORMAT = "dwarf-with-dsym";
				ENABLE_NS_ASSERTIONS = NO;
				ENABLE_STRICT_OBJC_MSGSEND = YES;
				GCC_C_LANGUAGE_STANDARD = gnu99;
				GCC_NO_COMMON_BLOCKS = YES;
				GCC_WARN_64_TO_32_BIT_CONVERSION = YES;
				GCC_WARN_ABOUT_RETURN_TYPE = YES_ERROR;
				GCC_WARN_UNDECLARED_SELECTOR = YES;
				GCC_WARN_UNINITIALIZED_AUTOS = YES_AGGRESSIVE;
				GCC_WARN_UNUSED_FUNCTION = YES;
				GCC_WARN_UNUSED_VARIABLE = YES;
				IPHONEOS_DEPLOYMENT_TARGET = 10.3;
				MTL_ENABLE_DEBUG_INFO = NO;
				SDKROOT = iphoneos;
				TARGETED_DEVICE_FAMILY = "1,2";
				VALIDATE_PRODUCT = YES;
			};
			name = Release;
		};
		811CFF521F35EDF70073CBB8 /* Debug */ = {
			isa = XCBuildConfiguration;
			buildSettings = {
				ASSETCATALOG_COMPILER_APPICON_NAME = AppIcon;
				INFOPLIST_FILE = TableViewAula/Info.plist;
				LD_RUNPATH_SEARCH_PATHS = "$(inherited) @executable_path/Frameworks";
				PRODUCT_BUNDLE_IDENTIFIER = Test.TableViewAula;
				PRODUCT_NAME = "$(TARGET_NAME)";
			};
			name = Debug;
		};
		811CFF531F35EDF70073CBB8 /* Release */ = {
			isa = XCBuildConfiguration;
			buildSettings = {
				ASSETCATALOG_COMPILER_APPICON_NAME = AppIcon;
				INFOPLIST_FILE = TableViewAula/Info.plist;
				LD_RUNPATH_SEARCH_PATHS = "$(inherited) @executable_path/Frameworks";
				PRODUCT_BUNDLE_IDENTIFIER = Test.TableViewAula;
				PRODUCT_NAME = "$(TARGET_NAME)";
			};
			name = Release;
		};
/* End XCBuildConfiguration section */

/* Begin XCConfigurationList section */
		811CFF321F35EDF70073CBB8 /* Build configuration list for PBXProject "TableViewAula" */ = {
			isa = XCConfigurationList;
			buildConfigurations = (
				811CFF4F1F35EDF70073CBB8 /* Debug */,
				811CFF501F35EDF70073CBB8 /* Release */,
			);
			defaultConfigurationIsVisible = 0;
			defaultConfigurationName = Release;
		};
		811CFF511F35EDF70073CBB8 /* Build configuration list for PBXNativeTarget "TableViewAula" */ = {
			isa = XCConfigurationList;
			buildConfigurations = (
				811CFF521F35EDF70073CBB8 /* Debug */,
				811CFF531F35EDF70073CBB8 /* Release */,
			);
			defaultConfigurationIsVisible = 0;
		};
/* End XCConfigurationList section */

/* Begin XCVersionGroup section */
		811CFF461F35EDF70073CBB8 /* TableViewAula.xcdatamodeld */ = {
			isa = XCVersionGroup;
			children = (
				811CFF471F35EDF70073CBB8 /* TableViewAula.xcdatamodel */,
			);
			currentVersion = 811CFF471F35EDF70073CBB8 /* TableViewAula.xcdatamodel */;
			path = TableViewAula.xcdatamodeld;
			sourceTree = "<group>";
			versionGroupType = wrapper.xcdatamodel;
		};
/* End XCVersionGroup section */
	};
	rootObject = 811CFF2F1F35EDF70073CBB8 /* Project object */;
}
