// !$*UTF8*$!
{
	archiveVersion = 1;
	classes = {
	};
	objectVersion = 46;
	objects = {

/* Begin PBXBuildFile section */
		81811D371F2CB3E200BAC319 /* main.m in Sources */ = {isa = PBXBuildFile; fileRef = 81811D361F2CB3E200BAC319 /* main.m */; };
		81811D3A1F2CB3E200BAC319 /* AppDelegate.m in Sources */ = {isa = PBXBuildFile; fileRef = 81811D391F2CB3E200BAC319 /* AppDelegate.m */; };
		81811D3D1F2CB3E200BAC319 /* ViewController.m in Sources */ = {isa = PBXBuildFile; fileRef = 81811D3C1F2CB3E200BAC319 /* ViewController.m */; };
		81811D401F2CB3E200BAC319 /* Main.storyboard in Resources */ = {isa = PBXBuildFile; fileRef = 81811D3E1F2CB3E200BAC319 /* Main.storyboard */; };
		81811D421F2CB3E200BAC319 /* Assets.xcassets in Resources */ = {isa = PBXBuildFile; fileRef = 81811D411F2CB3E200BAC319 /* Assets.xcassets */; };
		81811D451F2CB3E200BAC319 /* LaunchScreen.storyboard in Resources */ = {isa = PBXBuildFile; fileRef = 81811D431F2CB3E200BAC319 /* LaunchScreen.storyboard */; };
		81811D4E1F2CBFC800BAC319 /* SegundoViewController.m in Sources */ = {isa = PBXBuildFile; fileRef = 81811D4D1F2CBFC800BAC319 /* SegundoViewController.m */; };
/* End PBXBuildFile section */

/* Begin PBXFileReference section */
		81811D321F2CB3E200BAC319 /* PrimeiroProjeto.app */ = {isa = PBXFileReference; explicitFileType = wrapper.application; includeInIndex = 0; path = PrimeiroProjeto.app; sourceTree = BUILT_PRODUCTS_DIR; };
		81811D361F2CB3E200BAC319 /* main.m */ = {isa = PBXFileReference; lastKnownFileType = sourcecode.c.objc; path = main.m; sourceTree = "<group>"; };
		81811D381F2CB3E200BAC319 /* AppDelegate.h */ = {isa = PBXFileReference; lastKnownFileType = sourcecode.c.h; path = AppDelegate.h; sourceTree = "<group>"; };
		81811D391F2CB3E200BAC319 /* AppDelegate.m */ = {isa = PBXFileReference; lastKnownFileType = sourcecode.c.objc; path = AppDelegate.m; sourceTree = "<group>"; };
		81811D3B1F2CB3E200BAC319 /* ViewController.h */ = {isa = PBXFileReference; lastKnownFileType = sourcecode.c.h; path = ViewController.h; sourceTree = "<group>"; };
		81811D3C1F2CB3E200BAC319 /* ViewController.m */ = {isa = PBXFileReference; lastKnownFileType = sourcecode.c.objc; path = ViewController.m; sourceTree = "<group>"; };
		81811D3F1F2CB3E200BAC319 /* Base */ = {isa = PBXFileReference; lastKnownFileType = file.storyboard; name = Base; path = Base.lproj/Main.storyboard; sourceTree = "<group>"; };
		81811D411F2CB3E200BAC319 /* Assets.xcassets */ = {isa = PBXFileReference; lastKnownFileType = folder.assetcatalog; path = Assets.xcassets; sourceTree = "<group>"; };
		81811D441F2CB3E200BAC319 /* Base */ = {isa = PBXFileReference; lastKnownFileType = file.storyboard; name = Base; path = Base.lproj/LaunchScreen.storyboard; sourceTree = "<group>"; };
		81811D461F2CB3E200BAC319 /* Info.plist */ = {isa = PBXFileReference; lastKnownFileType = text.plist.xml; path = Info.plist; sourceTree = "<group>"; };
		81811D4C1F2CBFC800BAC319 /* SegundoViewController.h */ = {isa = PBXFileReference; fileEncoding = 4; lastKnownFileType = sourcecode.c.h; path = SegundoViewController.h; sourceTree = "<group>"; };
		81811D4D1F2CBFC800BAC319 /* SegundoViewController.m */ = {isa = PBXFileReference; fileEncoding = 4; lastKnownFileType = sourcecode.c.objc; path = SegundoViewController.m; sourceTree = "<group>"; };
/* End PBXFileReference section */

/* Begin PBXFrameworksBuildPhase section */
		81811D2F1F2CB3E200BAC319 /* Frameworks */ = {
			isa = PBXFrameworksBuildPhase;
			buildActionMask = 2147483647;
			files = (
			);
			runOnlyForDeploymentPostprocessing = 0;
		};
/* End PBXFrameworksBuildPhase section */

/* Begin PBXGroup section */
		81811D291F2CB3E200BAC319 = {
			isa = PBXGroup;
			children = (
				81811D341F2CB3E200BAC319 /* PrimeiroProjeto */,
				81811D331F2CB3E200BAC319 /* Products */,
			);
			sourceTree = "<group>";
		};
		81811D331F2CB3E200BAC319 /* Products */ = {
			isa = PBXGroup;
			children = (
				81811D321F2CB3E200BAC319 /* PrimeiroProjeto.app */,
			);
			name = Products;
			sourceTree = "<group>";
		};
		81811D341F2CB3E200BAC319 /* PrimeiroProjeto */ = {
			isa = PBXGroup;
			children = (
				81811D4F1F2CBFEA00BAC319 /* UI */,
				81811D381F2CB3E200BAC319 /* AppDelegate.h */,
				81811D391F2CB3E200BAC319 /* AppDelegate.m */,
				81811D3E1F2CB3E200BAC319 /* Main.storyboard */,
				81811D411F2CB3E200BAC319 /* Assets.xcassets */,
				81811D431F2CB3E200BAC319 /* LaunchScreen.storyboard */,
				81811D461F2CB3E200BAC319 /* Info.plist */,
				81811D351F2CB3E200BAC319 /* Supporting Files */,
			);
			path = PrimeiroProjeto;
			sourceTree = "<group>";
		};
		81811D351F2CB3E200BAC319 /* Supporting Files */ = {
			isa = PBXGroup;
			children = (
				81811D361F2CB3E200BAC319 /* main.m */,
			);
			name = "Supporting Files";
			sourceTree = "<group>";
		};
		81811D4F1F2CBFEA00BAC319 /* UI */ = {
			isa = PBXGroup;
			children = (
				81811D4C1F2CBFC800BAC319 /* SegundoViewController.h */,
				81811D4D1F2CBFC800BAC319 /* SegundoViewController.m */,
				81811D3B1F2CB3E200BAC319 /* ViewController.h */,
				81811D3C1F2CB3E200BAC319 /* ViewController.m */,
			);
			name = UI;
			sourceTree = "<group>";
		};
/* End PBXGroup section */

/* Begin PBXNativeTarget section */
		81811D311F2CB3E200BAC319 /* PrimeiroProjeto */ = {
			isa = PBXNativeTarget;
			buildConfigurationList = 81811D491F2CB3E200BAC319 /* Build configuration list for PBXNativeTarget "PrimeiroProjeto" */;
			buildPhases = (
				81811D2E1F2CB3E200BAC319 /* Sources */,
				81811D2F1F2CB3E200BAC319 /* Frameworks */,
				81811D301F2CB3E200BAC319 /* Resources */,
			);
			buildRules = (
			);
			dependencies = (
			);
			name = PrimeiroProjeto;
			productName = PrimeiroProjeto;
			productReference = 81811D321F2CB3E200BAC319 /* PrimeiroProjeto.app */;
			productType = "com.apple.product-type.application";
		};
/* End PBXNativeTarget section */

/* Begin PBXProject section */
		81811D2A1F2CB3E200BAC319 /* Project object */ = {
			isa = PBXProject;
			attributes = {
				LastUpgradeCheck = 0830;
				ORGANIZATIONNAME = Treinamento;
				TargetAttributes = {
					81811D311F2CB3E200BAC319 = {
						CreatedOnToolsVersion = 8.3.3;
						ProvisioningStyle = Automatic;
					};
				};
			};
			buildConfigurationList = 81811D2D1F2CB3E200BAC319 /* Build configuration list for PBXProject "PrimeiroProjeto" */;
			compatibilityVersion = "Xcode 3.2";
			developmentRegion = English;
			hasScannedForEncodings = 0;
			knownRegions = (
				en,
				Base,
			);
			mainGroup = 81811D291F2CB3E200BAC319;
			productRefGroup = 81811D331F2CB3E200BAC319 /* Products */;
			projectDirPath = "";
			projectRoot = "";
			targets = (
				81811D311F2CB3E200BAC319 /* PrimeiroProjeto */,
			);
		};
/* End PBXProject section */

/* Begin PBXResourcesBuildPhase section */
		81811D301F2CB3E200BAC319 /* Resources */ = {
			isa = PBXResourcesBuildPhase;
			buildActionMask = 2147483647;
			files = (
				81811D451F2CB3E200BAC319 /* LaunchScreen.storyboard in Resources */,
				81811D421F2CB3E200BAC319 /* Assets.xcassets in Resources */,
				81811D401F2CB3E200BAC319 /* Main.storyboard in Resources */,
			);
			runOnlyForDeploymentPostprocessing = 0;
		};
/* End PBXResourcesBuildPhase section */

/* Begin PBXSourcesBuildPhase section */
		81811D2E1F2CB3E200BAC319 /* Sources */ = {
			isa = PBXSourcesBuildPhase;
			buildActionMask = 2147483647;
			files = (
				81811D3D1F2CB3E200BAC319 /* ViewController.m in Sources */,
				81811D3A1F2CB3E200BAC319 /* AppDelegate.m in Sources */,
				81811D4E1F2CBFC800BAC319 /* SegundoViewController.m in Sources */,
				81811D371F2CB3E200BAC319 /* main.m in Sources */,
			);
			runOnlyForDeploymentPostprocessing = 0;
		};
/* End PBXSourcesBuildPhase section */

/* Begin PBXVariantGroup section */
		81811D3E1F2CB3E200BAC319 /* Main.storyboard */ = {
			isa = PBXVariantGroup;
			children = (
				81811D3F1F2CB3E200BAC319 /* Base */,
			);
			name = Main.storyboard;
			sourceTree = "<group>";
		};
		81811D431F2CB3E200BAC319 /* LaunchScreen.storyboard */ = {
			isa = PBXVariantGroup;
			children = (
				81811D441F2CB3E200BAC319 /* Base */,
			);
			name = LaunchScreen.storyboard;
			sourceTree = "<group>";
		};
/* End PBXVariantGroup section */

/* Begin XCBuildConfiguration section */
		81811D471F2CB3E200BAC319 /* Debug */ = {
			isa = XCBuildConfiguration;
			buildSettings = {
				ALWAYS_SEARCH_USER_PATHS = NO;
				CLANG_ANALYZER_NONNULL = YES;
				CLANG_ANALYZER_NUMBER_OBJECT_CONVERSION = YES_AGGRESSIVE;
				CLANG_CXX_LANGUAGE_STANDARD = "gnu++0x";
				CLANG_CXX_LIBRARY = "libc++";
				CLANG_ENABLE_MODULES = YES;
				CLANG_ENABLE_OBJC_ARC = YES;
				CLANG_WARN_BOOL_CONVERSION = YES;
				CLANG_WARN_CONSTANT_CONVERSION = YES;
				CLANG_WARN_DIRECT_OBJC_ISA_USAGE = YES_ERROR;
				CLANG_WARN_DOCUMENTATION_COMMENTS = YES;
				CLANG_WARN_EMPTY_BODY = YES;
				CLANG_WARN_ENUM_CONVERSION = YES;
				CLANG_WARN_INFINITE_RECURSION = YES;
				CLANG_WARN_INT_CONVERSION = YES;
				CLANG_WARN_OBJC_ROOT_CLASS = YES_ERROR;
				CLANG_WARN_SUSPICIOUS_MOVE = YES;
				CLANG_WARN_UNREACHABLE_CODE = YES;
				CLANG_WARN__DUPLICATE_METHOD_MATCH = YES;
				"CODE_SIGN_IDENTITY[sdk=iphoneos*]" = "iPhone Developer";
				COPY_PHASE_STRIP = NO;
				DEBUG_INFORMATION_FORMAT = dwarf;
				ENABLE_STRICT_OBJC_MSGSEND = YES;
				ENABLE_TESTABILITY = YES;
				GCC_C_LANGUAGE_STANDARD = gnu99;
				GCC_DYNAMIC_NO_PIC = NO;
				GCC_NO_COMMON_BLOCKS = YES;
				GCC_OPTIMIZATION_LEVEL = 0;
				GCC_PREPROCESSOR_DEFINITIONS = (
					"DEBUG=1",
					"$(inherited)",
				);
				GCC_WARN_64_TO_32_BIT_CONVERSION = YES;
				GCC_WARN_ABOUT_RETURN_TYPE = YES_ERROR;
				GCC_WARN_UNDECLARED_SELECTOR = YES;
				GCC_WARN_UNINITIALIZED_AUTOS = YES_AGGRESSIVE;
				GCC_WARN_UNUSED_FUNCTION = YES;
				GCC_WARN_UNUSED_VARIABLE = YES;
				IPHONEOS_DEPLOYMENT_TARGET = 10.3;
				MTL_ENABLE_DEBUG_INFO = YES;
				ONLY_ACTIVE_ARCH = YES;
				SDKROOT = iphoneos;
				TARGETED_DEVICE_FAMILY = "1,2";
			};
			name = Debug;
		};
		81811D481F2CB3E200BAC319 /* Release */ = {
			isa = XCBuildConfiguration;
			buildSettings = {
				ALWAYS_SEARCH_USER_PATHS = NO;
				CLANG_ANALYZER_NONNULL = YES;
				CLANG_ANALYZER_NUMBER_OBJECT_CONVERSION = YES_AGGRESSIVE;
				CLANG_CXX_LANGUAGE_STANDARD = "gnu++0x";
				CLANG_CXX_LIBRARY = "libc++";
				CLANG_ENABLE_MODULES = YES;
				CLANG_ENABLE_OBJC_ARC = YES;
				CLANG_WARN_BOOL_CONVERSION = YES;
				CLANG_WARN_CONSTANT_CONVERSION = YES;
				CLANG_WARN_DIRECT_OBJC_ISA_USAGE = YES_ERROR;
				CLANG_WARN_DOCUMENTATION_COMMENTS = YES;
				CLANG_WARN_EMPTY_BODY = YES;
				CLANG_WARN_ENUM_CONVERSION = YES;
				CLANG_WARN_INFINITE_RECURSION = YES;
				CLANG_WARN_INT_CONVERSION = YES;
				CLANG_WARN_OBJC_ROOT_CLASS = YES_ERROR;
				CLANG_WARN_SUSPICIOUS_MOVE = YES;
				CLANG_WARN_UNREACHABLE_CODE = YES;
				CLANG_WARN__DUPLICATE_METHOD_MATCH = YES;
				"CODE_SIGN_IDENTITY[sdk=iphoneos*]" = "iPhone Developer";
				COPY_PHASE_STRIP = NO;
				DEBUG_INFORMATION_FORMAT = "dwarf-with-dsym";
				ENABLE_NS_ASSERTIONS = NO;
				ENABLE_STRICT_OBJC_MSGSEND = YES;
				GCC_C_LANGUAGE_STANDARD = gnu99;
				GCC_NO_COMMON_BLOCKS = YES;
				GCC_WARN_64_TO_32_BIT_CONVERSION = YES;
				GCC_WARN_ABOUT_RETURN_TYPE = YES_ERROR;
				GCC_WARN_UNDECLARED_SELECTOR = YES;
				GCC_WARN_UNINITIALIZED_AUTOS = YES_AGGRESSIVE;
				GCC_WARN_UNUSED_FUNCTION = YES;
				GCC_WARN_UNUSED_VARIABLE = YES;
				IPHONEOS_DEPLOYMENT_TARGET = 10.3;
				MTL_ENABLE_DEBUG_INFO = NO;
				SDKROOT = iphoneos;
				TARGETED_DEVICE_FAMILY = "1,2";
				VALIDATE_PRODUCT = YES;
			};
			name = Release;
		};
		81811D4A1F2CB3E200BAC319 /* Debug */ = {
			isa = XCBuildConfiguration;
			buildSettings = {
				ASSETCATALOG_COMPILER_APPICON_NAME = AppIcon;
				INFOPLIST_FILE = PrimeiroProjeto/Info.plist;
				LD_RUNPATH_SEARCH_PATHS = "$(inherited) @executable_path/Frameworks";
				PRODUCT_BUNDLE_IDENTIFIER = Test.PrimeiroProjeto;
				PRODUCT_NAME = "$(TARGET_NAME)";
			};
			name = Debug;
		};
		81811D4B1F2CB3E200BAC319 /* Release */ = {
			isa = XCBuildConfiguration;
			buildSettings = {
				ASSETCATALOG_COMPILER_APPICON_NAME = AppIcon;
				INFOPLIST_FILE = PrimeiroProjeto/Info.plist;
				LD_RUNPATH_SEARCH_PATHS = "$(inherited) @executable_path/Frameworks";
				PRODUCT_BUNDLE_IDENTIFIER = Test.PrimeiroProjeto;
				PRODUCT_NAME = "$(TARGET_NAME)";
			};
			name = Release;
		};
/* End XCBuildConfiguration section */

/* Begin XCConfigurationList section */
		81811D2D1F2CB3E200BAC319 /* Build configuration list for PBXProject "PrimeiroProjeto" */ = {
			isa = XCConfigurationList;
			buildConfigurations = (
				81811D471F2CB3E200BAC319 /* Debug */,
				81811D481F2CB3E200BAC319 /* Release */,
			);
			defaultConfigurationIsVisible = 0;
			defaultConfigurationName = Release;
		};
		81811D491F2CB3E200BAC319 /* Build configuration list for PBXNativeTarget "PrimeiroProjeto" */ = {
			isa = XCConfigurationList;
			buildConfigurations = (
				81811D4A1F2CB3E200BAC319 /* Debug */,
				81811D4B1F2CB3E200BAC319 /* Release */,
			);
			defaultConfigurationIsVisible = 0;
		};
/* End XCConfigurationList section */
	};
	rootObject = 81811D2A1F2CB3E200BAC319 /* Project object */;
}
